
Microsoft Visual Studio Solution File, Format Version 12.00
# Visual Studio Version 16
VisualStudioVersion = 16.0.30717.126
MinimumVisualStudioVersion = 10.0.40219.1
Project("{9A19103F-16F7-4668-BE54-9A1E7A4F7556}") = "Rolodex.Test", "Rolodex.Test\Rolodex.Test.csproj", "{01FE2EE2-A00C-4100-8F21-B271FE5E0183}"
EndProject
Project("{2150E333-8FDC-42A3-9474-1A3956D46DE8}") = "Solution", "Solution", "{7B3E5C7F-FAF1-4BD4-A34A-307A53DD273B}"
	ProjectSection(SolutionItems) = preProject
		Accessing-data-from-OkObjectResult.md = Accessing-data-from-OkObjectResult.md
		ReadMe.md = ReadMe.md
	EndProjectSection
EndProject
Project("{9A19103F-16F7-4668-BE54-9A1E7A4F7556}") = "Rolodex.Api", "Rolodex.Api\Rolodex.Api.csproj", "{51827B92-5A57-433E-A3C0-1F6AEB032ED8}"
EndProject
Global
	GlobalSection(SolutionConfigurationPlatforms) = preSolution
		Debug|Any CPU = Debug|Any CPU
		Release|Any CPU = Release|Any CPU
	EndGlobalSection
	GlobalSection(ProjectConfigurationPlatforms) = postSolution
		{01FE2EE2-A00C-4100-8F21-B271FE5E0183}.Debug|Any CPU.ActiveCfg = Debug|Any CPU
		{01FE2EE2-A00C-4100-8F21-B271FE5E0183}.Debug|Any CPU.Build.0 = Debug|Any CPU
		{01FE2EE2-A00C-4100-8F21-B271FE5E0183}.Release|Any CPU.ActiveCfg = Release|Any CPU
		{01FE2EE2-A00C-4100-8F21-B271FE5E0183}.Release|Any CPU.Build.0 = Release|Any CPU
		{51827B92-5A57-433E-A3C0-1F6AEB032ED8}.Debug|Any CPU.ActiveCfg = Debug|Any CPU
		{51827B92-5A57-433E-A3C0-1F6AEB032ED8}.Debug|Any CPU.Build.0 = Debug|Any CPU
		{51827B92-5A57-433E-A3C0-1F6AEB032ED8}.Release|Any CPU.ActiveCfg = Release|Any CPU
		{51827B92-5A57-433E-A3C0-1F6AEB032ED8}.Release|Any CPU.Build.0 = Release|Any CPU
	EndGlobalSection
	GlobalSection(SolutionProperties) = preSolution
		HideSolutionNode = FALSE
	EndGlobalSection
	GlobalSection(ExtensibilityGlobals) = postSolution
		SolutionGuid = {AD799F70-6726-4174-869B-7547741BBCC3}
	EndGlobalSection
EndGlobal
